{
  "version": 1,
  "dependencies": {
    "net8.0": {
      "Antlr4.Runtime.Standard": {
        "type": "Direct",
        "requested": "[4.9.3, )",
        "resolved": "4.9.3",
        "contentHash": "wn+a34a9r3jOMxnIWxWJQ7QAbKi+KyZ9YAiEVVw0qII0J4Z6Z9F6a1b8WNzU00LlsIt++nZIz1BokksielrQYA=="
      },
      "Microsoft.Extensions.Logging.Abstractions": {
        "type": "Direct",
        "requested": "[8.0.0, )",
        "resolved": "8.0.0",
        "contentHash": "arDBqTgFCyS0EvRV7O3MZturChstm50OJ0y9bDJvAcmEPJm0FFpFyjU/JLYyStNGGey081DvnQYlncNX5SJJGA==",
        "dependencies": {
          "Microsoft.Extensions.DependencyInjection.Abstractions": "8.0.0"
        }
      },
      "Shoko.Plugin.Abstractions": {
        "type": "Direct",
        "requested": "[4.0.0, )",
        "resolved": "4.0.0",
        "contentHash": "cddtbnURu9X2R+z3LwWyv3gVee9ZbWy0bCmUjOqxW/uuL0dmf/g8xUfSBD03FaoGLNu/5H7YuWDFES62vHWJMw=="
      },
      "Microsoft.Extensions.DependencyInjection.Abstractions": {
        "type": "Transitive",
        "resolved": "8.0.0",
        "contentHash": "cjWrLkJXK0rs4zofsK4bSdg+jhDLTaxrkXu4gS6Y7MAlCvRyNNgwY/lJi5RDlQOnSZweHqoyvgvbdvQsRIW+hg=="
      }
    }
  }
}