{
  "version": 1,
  "dependencies": {
    "net8.0": {
      "Antlr4.Runtime.Standard": {
        "type": "Direct",
        "requested": "[4.9.3, )",
        "resolved": "4.9.3",
        "contentHash": "wn+a34a9r3jOMxnIWxWJQ7QAbKi+KyZ9YAiEVVw0qII0J4Z6Z9F6a1b8WNzU00LlsIt++nZIz1BokksielrQYA=="
      },
      "Microsoft.Extensions.Logging.Abstractions": {
        "type": "Direct",
        "requested": "[6.0.0, )",
        "resolved": "6.0.0",
        "contentHash": "/HggWBbTwy8TgebGSX5DBZ24ndhzi93sHUBDvP1IxbZD7FDokYzdAr6+vbWGjw2XAfR2EJ1sfKUotpjHnFWPxA=="
      },
      "Shoko.Plugin.Abstractions": {
        "type": "Direct",
        "requested": "[4.0.0-beta1, )",
        "resolved": "4.0.0-beta1",
        "contentHash": "/i3vBGyiqjvClqTNuqHKVwF1quNXi35ch1I1mVAr6WrM0Hmbbdmk6OpbAmiszP5ahz0y7OtFGkCJuUHpp40hKQ=="
      }
    }
  }
}