{
  "version": 1,
  "dependencies": {
    "net6.0": {
      "Antlr4.Runtime.Standard": {
        "type": "Direct",
        "requested": "[4.9.3, )",
        "resolved": "4.9.3",
        "contentHash": "wn+a34a9r3jOMxnIWxWJQ7QAbKi+KyZ9YAiEVVw0qII0J4Z6Z9F6a1b8WNzU00LlsIt++nZIz1BokksielrQYA=="
      },
      "Microsoft.Extensions.Logging.Abstractions": {
        "type": "Direct",
        "requested": "[6.0.0, )",
        "resolved": "6.0.0",
        "contentHash": "/HggWBbTwy8TgebGSX5DBZ24ndhzi93sHUBDvP1IxbZD7FDokYzdAr6+vbWGjw2XAfR2EJ1sfKUotpjHnFWPxA=="
      },
      "Shoko.Plugin.Abstractions": {
        "type": "Direct",
        "requested": "[4.0.0-alpha6, )",
        "resolved": "4.0.0-alpha6",
        "contentHash": "fF1z9PbeORTciCRAKl5P5gPGm53JwzC7iXJSVpcTXZ8QrBgX+AvOZFiPGaTaXtror3purFUuzCr/TV9C7nlKXA=="
      }
    }
  }
}